
Microsoft Visual Studio Solution File, Format Version 12.00
# Visual Studio Version 17
VisualStudioVersion = 17.0.32112.339
MinimumVisualStudioVersion = 10.0.40219.1
Project("{9A19103F-16F7-4668-BE54-9A1E7A4F7556}") = "klooie", "klooie\klooie.csproj", "{E9C4865F-FB82-4011-9E86-B2CE45770B5C}"
EndProject
Project("{9A19103F-16F7-4668-BE54-9A1E7A4F7556}") = "tests", "tests\tests.csproj", "{5AED424F-E854-483F-9D9B-DF07ADAD5C56}"
EndProject
Project("{9A19103F-16F7-4668-BE54-9A1E7A4F7556}") = "klooie.VideoPlayer", "klooie.VideoPlayer\klooie.VideoPlayer.csproj", "{37B5DE70-C8A0-4E91-A38F-8E735499E8B0}"
EndProject
Project("{9A19103F-16F7-4668-BE54-9A1E7A4F7556}") = "klooie.Windows", "klooie.Windows\klooie.Windows.csproj", "{525B2F1A-2676-4530-8019-250FE430EE5E}"
EndProject
Project("{9A19103F-16F7-4668-BE54-9A1E7A4F7556}") = "Samples", "Samples\Samples.csproj", "{1A1454B7-21F5-49E6-8ABE-ADD4A0F1C2D6}"
EndProject
Project("{2150E333-8FDC-42A3-9474-1A3956D46DE8}") = "Solution", "Solution", "{C19CCBD6-DE58-455D-AB02-9452CE6EC6AA}"
	ProjectSection(SolutionItems) = preProject
		agents.md = agents.md
		..\ReadmeTemplate.md = ..\ReadmeTemplate.md
	EndProjectSection
EndProject
Project("{9A19103F-16F7-4668-BE54-9A1E7A4F7556}") = "Playground", "Playground\Playground.csproj", "{6E5F3C9E-E3BD-497C-A9E9-758B2A637694}"
EndProject
Project("{FAE04EC0-301F-11D3-BF4B-00C04F79EFBC}") = "klooie.Analyzers", "klooie.Analyzers\klooie.Analyzers.csproj", "{E9ADCABD-9123-4DD3-AB7D-353827127C64}"
EndProject
Project("{FAE04EC0-301F-11D3-BF4B-00C04F79EFBC}") = "PowerArgs", "..\External\PowerArgs\PowerArgs\PowerArgs.csproj", "{EAD72550-E57B-4B71-8286-F7AEB0313789}"
EndProject
Project("{FAE04EC0-301F-11D3-BF4B-00C04F79EFBC}") = "DAW", "DAW\DAW.csproj", "{74EFA59D-FE61-4FC7-A2AF-523B5A16844E}"
EndProject
Global
	GlobalSection(SolutionConfigurationPlatforms) = preSolution
		Debug|Any CPU = Debug|Any CPU
		Debug|x64 = Debug|x64
		Debug|x86 = Debug|x86
		Release|Any CPU = Release|Any CPU
		Release|x64 = Release|x64
		Release|x86 = Release|x86
	EndGlobalSection
	GlobalSection(ProjectConfigurationPlatforms) = postSolution
		{E9C4865F-FB82-4011-9E86-B2CE45770B5C}.Debug|Any CPU.ActiveCfg = Debug|Any CPU
		{E9C4865F-FB82-4011-9E86-B2CE45770B5C}.Debug|Any CPU.Build.0 = Debug|Any CPU
		{E9C4865F-FB82-4011-9E86-B2CE45770B5C}.Debug|x64.ActiveCfg = Debug|Any CPU
		{E9C4865F-FB82-4011-9E86-B2CE45770B5C}.Debug|x64.Build.0 = Debug|Any CPU
		{E9C4865F-FB82-4011-9E86-B2CE45770B5C}.Debug|x86.ActiveCfg = Debug|Any CPU
		{E9C4865F-FB82-4011-9E86-B2CE45770B5C}.Debug|x86.Build.0 = Debug|Any CPU
		{E9C4865F-FB82-4011-9E86-B2CE45770B5C}.Release|Any CPU.ActiveCfg = Release|Any CPU
		{E9C4865F-FB82-4011-9E86-B2CE45770B5C}.Release|Any CPU.Build.0 = Release|Any CPU
		{E9C4865F-FB82-4011-9E86-B2CE45770B5C}.Release|x64.ActiveCfg = Release|Any CPU
		{E9C4865F-FB82-4011-9E86-B2CE45770B5C}.Release|x64.Build.0 = Release|Any CPU
		{E9C4865F-FB82-4011-9E86-B2CE45770B5C}.Release|x86.ActiveCfg = Release|Any CPU
		{E9C4865F-FB82-4011-9E86-B2CE45770B5C}.Release|x86.Build.0 = Release|Any CPU
		{5AED424F-E854-483F-9D9B-DF07ADAD5C56}.Debug|Any CPU.ActiveCfg = Debug|Any CPU
		{5AED424F-E854-483F-9D9B-DF07ADAD5C56}.Debug|Any CPU.Build.0 = Debug|Any CPU
		{5AED424F-E854-483F-9D9B-DF07ADAD5C56}.Debug|x64.ActiveCfg = Debug|Any CPU
		{5AED424F-E854-483F-9D9B-DF07ADAD5C56}.Debug|x64.Build.0 = Debug|Any CPU
		{5AED424F-E854-483F-9D9B-DF07ADAD5C56}.Debug|x86.ActiveCfg = Debug|Any CPU
		{5AED424F-E854-483F-9D9B-DF07ADAD5C56}.Debug|x86.Build.0 = Debug|Any CPU
		{5AED424F-E854-483F-9D9B-DF07ADAD5C56}.Release|Any CPU.ActiveCfg = Release|Any CPU
		{5AED424F-E854-483F-9D9B-DF07ADAD5C56}.Release|Any CPU.Build.0 = Release|Any CPU
		{5AED424F-E854-483F-9D9B-DF07ADAD5C56}.Release|x64.ActiveCfg = Release|Any CPU
		{5AED424F-E854-483F-9D9B-DF07ADAD5C56}.Release|x64.Build.0 = Release|Any CPU
		{5AED424F-E854-483F-9D9B-DF07ADAD5C56}.Release|x86.ActiveCfg = Release|Any CPU
		{5AED424F-E854-483F-9D9B-DF07ADAD5C56}.Release|x86.Build.0 = Release|Any CPU
		{37B5DE70-C8A0-4E91-A38F-8E735499E8B0}.Debug|Any CPU.ActiveCfg = Debug|Any CPU
		{37B5DE70-C8A0-4E91-A38F-8E735499E8B0}.Debug|Any CPU.Build.0 = Debug|Any CPU
		{37B5DE70-C8A0-4E91-A38F-8E735499E8B0}.Debug|x64.ActiveCfg = Debug|Any CPU
		{37B5DE70-C8A0-4E91-A38F-8E735499E8B0}.Debug|x64.Build.0 = Debug|Any CPU
		{37B5DE70-C8A0-4E91-A38F-8E735499E8B0}.Debug|x86.ActiveCfg = Debug|Any CPU
		{37B5DE70-C8A0-4E91-A38F-8E735499E8B0}.Debug|x86.Build.0 = Debug|Any CPU
		{37B5DE70-C8A0-4E91-A38F-8E735499E8B0}.Release|Any CPU.ActiveCfg = Release|Any CPU
		{37B5DE70-C8A0-4E91-A38F-8E735499E8B0}.Release|Any CPU.Build.0 = Release|Any CPU
		{37B5DE70-C8A0-4E91-A38F-8E735499E8B0}.Release|x64.ActiveCfg = Release|Any CPU
		{37B5DE70-C8A0-4E91-A38F-8E735499E8B0}.Release|x64.Build.0 = Release|Any CPU
		{37B5DE70-C8A0-4E91-A38F-8E735499E8B0}.Release|x86.ActiveCfg = Release|Any CPU
		{37B5DE70-C8A0-4E91-A38F-8E735499E8B0}.Release|x86.Build.0 = Release|Any CPU
		{525B2F1A-2676-4530-8019-250FE430EE5E}.Debug|Any CPU.ActiveCfg = Debug|Any CPU
		{525B2F1A-2676-4530-8019-250FE430EE5E}.Debug|Any CPU.Build.0 = Debug|Any CPU
		{525B2F1A-2676-4530-8019-250FE430EE5E}.Debug|x64.ActiveCfg = Debug|Any CPU
		{525B2F1A-2676-4530-8019-250FE430EE5E}.Debug|x64.Build.0 = Debug|Any CPU
		{525B2F1A-2676-4530-8019-250FE430EE5E}.Debug|x86.ActiveCfg = Debug|Any CPU
		{525B2F1A-2676-4530-8019-250FE430EE5E}.Debug|x86.Build.0 = Debug|Any CPU
		{525B2F1A-2676-4530-8019-250FE430EE5E}.Release|Any CPU.ActiveCfg = Release|Any CPU
		{525B2F1A-2676-4530-8019-250FE430EE5E}.Release|Any CPU.Build.0 = Release|Any CPU
		{525B2F1A-2676-4530-8019-250FE430EE5E}.Release|x64.ActiveCfg = Release|Any CPU
		{525B2F1A-2676-4530-8019-250FE430EE5E}.Release|x64.Build.0 = Release|Any CPU
		{525B2F1A-2676-4530-8019-250FE430EE5E}.Release|x86.ActiveCfg = Release|Any CPU
		{525B2F1A-2676-4530-8019-250FE430EE5E}.Release|x86.Build.0 = Release|Any CPU
		{1A1454B7-21F5-49E6-8ABE-ADD4A0F1C2D6}.Debug|Any CPU.ActiveCfg = Debug|Any CPU
		{1A1454B7-21F5-49E6-8ABE-ADD4A0F1C2D6}.Debug|Any CPU.Build.0 = Debug|Any CPU
		{1A1454B7-21F5-49E6-8ABE-ADD4A0F1C2D6}.Debug|x64.ActiveCfg = Debug|Any CPU
		{1A1454B7-21F5-49E6-8ABE-ADD4A0F1C2D6}.Debug|x64.Build.0 = Debug|Any CPU
		{1A1454B7-21F5-49E6-8ABE-ADD4A0F1C2D6}.Debug|x86.ActiveCfg = Debug|Any CPU
		{1A1454B7-21F5-49E6-8ABE-ADD4A0F1C2D6}.Debug|x86.Build.0 = Debug|Any CPU
		{1A1454B7-21F5-49E6-8ABE-ADD4A0F1C2D6}.Release|Any CPU.ActiveCfg = Release|Any CPU
		{1A1454B7-21F5-49E6-8ABE-ADD4A0F1C2D6}.Release|Any CPU.Build.0 = Release|Any CPU
		{1A1454B7-21F5-49E6-8ABE-ADD4A0F1C2D6}.Release|x64.ActiveCfg = Release|Any CPU
		{1A1454B7-21F5-49E6-8ABE-ADD4A0F1C2D6}.Release|x64.Build.0 = Release|Any CPU
		{1A1454B7-21F5-49E6-8ABE-ADD4A0F1C2D6}.Release|x86.ActiveCfg = Release|Any CPU
		{1A1454B7-21F5-49E6-8ABE-ADD4A0F1C2D6}.Release|x86.Build.0 = Release|Any CPU
		{6E5F3C9E-E3BD-497C-A9E9-758B2A637694}.Debug|Any CPU.ActiveCfg = Debug|Any CPU
		{6E5F3C9E-E3BD-497C-A9E9-758B2A637694}.Debug|Any CPU.Build.0 = Debug|Any CPU
		{6E5F3C9E-E3BD-497C-A9E9-758B2A637694}.Debug|x64.ActiveCfg = Debug|Any CPU
		{6E5F3C9E-E3BD-497C-A9E9-758B2A637694}.Debug|x64.Build.0 = Debug|Any CPU
		{6E5F3C9E-E3BD-497C-A9E9-758B2A637694}.Debug|x86.ActiveCfg = Debug|Any CPU
		{6E5F3C9E-E3BD-497C-A9E9-758B2A637694}.Debug|x86.Build.0 = Debug|Any CPU
		{6E5F3C9E-E3BD-497C-A9E9-758B2A637694}.Release|Any CPU.ActiveCfg = Release|Any CPU
		{6E5F3C9E-E3BD-497C-A9E9-758B2A637694}.Release|Any CPU.Build.0 = Release|Any CPU
		{6E5F3C9E-E3BD-497C-A9E9-758B2A637694}.Release|x64.ActiveCfg = Release|Any CPU
		{6E5F3C9E-E3BD-497C-A9E9-758B2A637694}.Release|x64.Build.0 = Release|Any CPU
		{6E5F3C9E-E3BD-497C-A9E9-758B2A637694}.Release|x86.ActiveCfg = Release|Any CPU
		{6E5F3C9E-E3BD-497C-A9E9-758B2A637694}.Release|x86.Build.0 = Release|Any CPU
		{E9ADCABD-9123-4DD3-AB7D-353827127C64}.Debug|Any CPU.ActiveCfg = Debug|Any CPU
		{E9ADCABD-9123-4DD3-AB7D-353827127C64}.Debug|Any CPU.Build.0 = Debug|Any CPU
		{E9ADCABD-9123-4DD3-AB7D-353827127C64}.Debug|x64.ActiveCfg = Debug|Any CPU
		{E9ADCABD-9123-4DD3-AB7D-353827127C64}.Debug|x64.Build.0 = Debug|Any CPU
		{E9ADCABD-9123-4DD3-AB7D-353827127C64}.Debug|x86.ActiveCfg = Debug|Any CPU
		{E9ADCABD-9123-4DD3-AB7D-353827127C64}.Debug|x86.Build.0 = Debug|Any CPU
		{E9ADCABD-9123-4DD3-AB7D-353827127C64}.Release|Any CPU.ActiveCfg = Release|Any CPU
		{E9ADCABD-9123-4DD3-AB7D-353827127C64}.Release|Any CPU.Build.0 = Release|Any CPU
		{E9ADCABD-9123-4DD3-AB7D-353827127C64}.Release|x64.ActiveCfg = Release|Any CPU
		{E9ADCABD-9123-4DD3-AB7D-353827127C64}.Release|x64.Build.0 = Release|Any CPU
		{E9ADCABD-9123-4DD3-AB7D-353827127C64}.Release|x86.ActiveCfg = Release|Any CPU
		{E9ADCABD-9123-4DD3-AB7D-353827127C64}.Release|x86.Build.0 = Release|Any CPU
		{EAD72550-E57B-4B71-8286-F7AEB0313789}.Debug|Any CPU.ActiveCfg = Debug|Any CPU
		{EAD72550-E57B-4B71-8286-F7AEB0313789}.Debug|Any CPU.Build.0 = Debug|Any CPU
		{EAD72550-E57B-4B71-8286-F7AEB0313789}.Debug|x64.ActiveCfg = Debug|Any CPU
		{EAD72550-E57B-4B71-8286-F7AEB0313789}.Debug|x64.Build.0 = Debug|Any CPU
		{EAD72550-E57B-4B71-8286-F7AEB0313789}.Debug|x86.ActiveCfg = Debug|Any CPU
		{EAD72550-E57B-4B71-8286-F7AEB0313789}.Debug|x86.Build.0 = Debug|Any CPU
		{EAD72550-E57B-4B71-8286-F7AEB0313789}.Release|Any CPU.ActiveCfg = Release|Any CPU
		{EAD72550-E57B-4B71-8286-F7AEB0313789}.Release|Any CPU.Build.0 = Release|Any CPU
		{EAD72550-E57B-4B71-8286-F7AEB0313789}.Release|x64.ActiveCfg = Release|Any CPU
		{EAD72550-E57B-4B71-8286-F7AEB0313789}.Release|x64.Build.0 = Release|Any CPU
		{EAD72550-E57B-4B71-8286-F7AEB0313789}.Release|x86.ActiveCfg = Release|Any CPU
		{EAD72550-E57B-4B71-8286-F7AEB0313789}.Release|x86.Build.0 = Release|Any CPU
		{74EFA59D-FE61-4FC7-A2AF-523B5A16844E}.Debug|Any CPU.ActiveCfg = Debug|Any CPU
		{74EFA59D-FE61-4FC7-A2AF-523B5A16844E}.Debug|Any CPU.Build.0 = Debug|Any CPU
		{74EFA59D-FE61-4FC7-A2AF-523B5A16844E}.Debug|x64.ActiveCfg = Debug|Any CPU
		{74EFA59D-FE61-4FC7-A2AF-523B5A16844E}.Debug|x64.Build.0 = Debug|Any CPU
		{74EFA59D-FE61-4FC7-A2AF-523B5A16844E}.Debug|x86.ActiveCfg = Debug|Any CPU
		{74EFA59D-FE61-4FC7-A2AF-523B5A16844E}.Debug|x86.Build.0 = Debug|Any CPU
		{74EFA59D-FE61-4FC7-A2AF-523B5A16844E}.Release|Any CPU.ActiveCfg = Release|Any CPU
		{74EFA59D-FE61-4FC7-A2AF-523B5A16844E}.Release|Any CPU.Build.0 = Release|Any CPU
		{74EFA59D-FE61-4FC7-A2AF-523B5A16844E}.Release|x64.ActiveCfg = Release|Any CPU
		{74EFA59D-FE61-4FC7-A2AF-523B5A16844E}.Release|x64.Build.0 = Release|Any CPU
		{74EFA59D-FE61-4FC7-A2AF-523B5A16844E}.Release|x86.ActiveCfg = Release|Any CPU
		{74EFA59D-FE61-4FC7-A2AF-523B5A16844E}.Release|x86.Build.0 = Release|Any CPU
	EndGlobalSection
	GlobalSection(SolutionProperties) = preSolution
		HideSolutionNode = FALSE
	EndGlobalSection
	GlobalSection(ExtensibilityGlobals) = postSolution
		SolutionGuid = {33442CDC-3EE2-4DEA-846B-179EE365778B}
	EndGlobalSection
EndGlobal
